// !$*UTF8*$!
{
	archiveVersion = 1;
	classes = {
	};
	objectVersion = 56;
	objects = {

/* Begin PBXBuildFile section */
		C21B04532B1CE3F4008BB38B /* AppDelegate.swift in Sources */ = {isa = PBXBuildFile; fileRef = C21B04522B1CE3F4008BB38B /* AppDelegate.swift */; };
		C21B04552B1CE3F4008BB38B /* SceneDelegate.swift in Sources */ = {isa = PBXBuildFile; fileRef = C21B04542B1CE3F4008BB38B /* SceneDelegate.swift */; };
		C21B045C2B1CE3F7008BB38B /* Assets.xcassets in Resources */ = {isa = PBXBuildFile; fileRef = C21B045B2B1CE3F7008BB38B /* Assets.xcassets */; };
		C21B045F2B1CE3F7008BB38B /* LaunchScreen.storyboard in Resources */ = {isa = PBXBuildFile; fileRef = C21B045D2B1CE3F7008BB38B /* LaunchScreen.storyboard */; };
		C21B04672B1CE51B008BB38B /* COOrdinator.swift in Sources */ = {isa = PBXBuildFile; fileRef = C21B04662B1CE51B008BB38B /* COOrdinator.swift */; };
		C21B04692B1CE66D008BB38B /* AppController.swift in Sources */ = {isa = PBXBuildFile; fileRef = C21B04682B1CE66D008BB38B /* AppController.swift */; };
		C2C545272B1DE903001F0010 /* AppLogin.storyboard in Resources */ = {isa = PBXBuildFile; fileRef = C2C545262B1DE903001F0010 /* AppLogin.storyboard */; };
		C2C545292B1E2F0D001F0010 /* DetailViewController.swift in Sources */ = {isa = PBXBuildFile; fileRef = C2C545282B1E2F0D001F0010 /* DetailViewController.swift */; };
/* End PBXBuildFile section */

/* Begin PBXFileReference section */
		C21B044F2B1CE3F4008BB38B /* COOrdinatorPattern.app */ = {isa = PBXFileReference; explicitFileType = wrapper.application; includeInIndex = 0; path = COOrdinatorPattern.app; sourceTree = BUILT_PRODUCTS_DIR; };
		C21B04522B1CE3F4008BB38B /* AppDelegate.swift */ = {isa = PBXFileReference; lastKnownFileType = sourcecode.swift; path = AppDelegate.swift; sourceTree = "<group>"; };
		C21B04542B1CE3F4008BB38B /* SceneDelegate.swift */ = {isa = PBXFileReference; lastKnownFileType = sourcecode.swift; path = SceneDelegate.swift; sourceTree = "<group>"; };
		C21B045B2B1CE3F7008BB38B /* Assets.xcassets */ = {isa = PBXFileReference; lastKnownFileType = folder.assetcatalog; path = Assets.xcassets; sourceTree = "<group>"; };
		C21B045E2B1CE3F7008BB38B /* Base */ = {isa = PBXFileReference; lastKnownFileType = file.storyboard; name = Base; path = Base.lproj/LaunchScreen.storyboard; sourceTree = "<group>"; };
		C21B04602B1CE3F7008BB38B /* Info.plist */ = {isa = PBXFileReference; lastKnownFileType = text.plist.xml; path = Info.plist; sourceTree = "<group>"; };
		C21B04662B1CE51B008BB38B /* COOrdinator.swift */ = {isa = PBXFileReference; lastKnownFileType = sourcecode.swift; path = COOrdinator.swift; sourceTree = "<group>"; };
		C21B04682B1CE66D008BB38B /* AppController.swift */ = {isa = PBXFileReference; fileEncoding = 4; lastKnownFileType = sourcecode.swift; path = AppController.swift; sourceTree = "<group>"; };
		C2C545262B1DE903001F0010 /* AppLogin.storyboard */ = {isa = PBXFileReference; lastKnownFileType = file.storyboard; path = AppLogin.storyboard; sourceTree = "<group>"; };
		C2C545282B1E2F0D001F0010 /* DetailViewController.swift */ = {isa = PBXFileReference; lastKnownFileType = sourcecode.swift; path = DetailViewController.swift; sourceTree = "<group>"; };
/* End PBXFileReference section */

/* Begin PBXFrameworksBuildPhase section */
		C21B044C2B1CE3F4008BB38B /* Frameworks */ = {
			isa = PBXFrameworksBuildPhase;
			buildActionMask = 2147483647;
			files = (
			);
			runOnlyForDeploymentPostprocessing = 0;
		};
/* End PBXFrameworksBuildPhase section */

/* Begin PBXGroup section */
		C21B04462B1CE3F4008BB38B = {
			isa = PBXGroup;
			children = (
				C21B04512B1CE3F4008BB38B /* COOrdinatorPattern */,
				C21B04502B1CE3F4008BB38B /* Products */,
			);
			sourceTree = "<group>";
		};
		C21B04502B1CE3F4008BB38B /* Products */ = {
			isa = PBXGroup;
			children = (
				C21B044F2B1CE3F4008BB38B /* COOrdinatorPattern.app */,
			);
			name = Products;
			sourceTree = "<group>";
		};
		C21B04512B1CE3F4008BB38B /* COOrdinatorPattern */ = {
			isa = PBXGroup;
			children = (
				C21B04522B1CE3F4008BB38B /* AppDelegate.swift */,
				C21B04542B1CE3F4008BB38B /* SceneDelegate.swift */,
				C21B04682B1CE66D008BB38B /* AppController.swift */,
				C21B045B2B1CE3F7008BB38B /* Assets.xcassets */,
				C21B045D2B1CE3F7008BB38B /* LaunchScreen.storyboard */,
				C21B04602B1CE3F7008BB38B /* Info.plist */,
				C21B04662B1CE51B008BB38B /* COOrdinator.swift */,
				C2C545262B1DE903001F0010 /* AppLogin.storyboard */,
				C2C545282B1E2F0D001F0010 /* DetailViewController.swift */,
			);
			path = COOrdinatorPattern;
			sourceTree = "<group>";
		};
/* End PBXGroup section */

/* Begin PBXNativeTarget section */
		C21B044E2B1CE3F4008BB38B /* COOrdinatorPattern */ = {
			isa = PBXNativeTarget;
			buildConfigurationList = C21B04632B1CE3F7008BB38B /* Build configuration list for PBXNativeTarget "COOrdinatorPattern" */;
			buildPhases = (
				C21B044B2B1CE3F4008BB38B /* Sources */,
				C21B044C2B1CE3F4008BB38B /* Frameworks */,
				C21B044D2B1CE3F4008BB38B /* Resources */,
			);
			buildRules = (
			);
			dependencies = (
			);
			name = COOrdinatorPattern;
			productName = COOrdinatorPattern;
			productReference = C21B044F2B1CE3F4008BB38B /* COOrdinatorPattern.app */;
			productType = "com.apple.product-type.application";
		};
/* End PBXNativeTarget section */

/* Begin PBXProject section */
		C21B04472B1CE3F4008BB38B /* Project object */ = {
			isa = PBXProject;
			attributes = {
				BuildIndependentTargetsInParallel = 1;
				LastSwiftUpdateCheck = 1500;
				LastUpgradeCheck = 1500;
				TargetAttributes = {
					C21B044E2B1CE3F4008BB38B = {
						CreatedOnToolsVersion = 15.0;
					};
				};
			};
			buildConfigurationList = C21B044A2B1CE3F4008BB38B /* Build configuration list for PBXProject "COOrdinatorPattern" */;
			compatibilityVersion = "Xcode 14.0";
			developmentRegion = en;
			hasScannedForEncodings = 0;
			knownRegions = (
				en,
				Base,
			);
			mainGroup = C21B04462B1CE3F4008BB38B;
			productRefGroup = C21B04502B1CE3F4008BB38B /* Products */;
			projectDirPath = "";
			projectRoot = "";
			targets = (
				C21B044E2B1CE3F4008BB38B /* COOrdinatorPattern */,
			);
		};
/* End PBXProject section */

/* Begin PBXResourcesBuildPhase section */
		C21B044D2B1CE3F4008BB38B /* Resources */ = {
			isa = PBXResourcesBuildPhase;
			buildActionMask = 2147483647;
			files = (
				C21B045F2B1CE3F7008BB38B /* LaunchScreen.storyboard in Resources */,
				C21B045C2B1CE3F7008BB38B /* Assets.xcassets in Resources */,
				C2C545272B1DE903001F0010 /* AppLogin.storyboard in Resources */,
			);
			runOnlyForDeploymentPostprocessing = 0;
		};
/* End PBXResourcesBuildPhase section */

/* Begin PBXSourcesBuildPhase section */
		C21B044B2B1CE3F4008BB38B /* Sources */ = {
			isa = PBXSourcesBuildPhase;
			buildActionMask = 2147483647;
			files = (
				C21B04672B1CE51B008BB38B /* COOrdinator.swift in Sources */,
				C21B04532B1CE3F4008BB38B /* AppDelegate.swift in Sources */,
				C2C545292B1E2F0D001F0010 /* DetailViewController.swift in Sources */,
				C21B04552B1CE3F4008BB38B /* SceneDelegate.swift in Sources */,
				C21B04692B1CE66D008BB38B /* AppController.swift in Sources */,
			);
			runOnlyForDeploymentPostprocessing = 0;
		};
/* End PBXSourcesBuildPhase section */

/* Begin PBXVariantGroup section */
		C21B045D2B1CE3F7008BB38B /* LaunchScreen.storyboard */ = {
			isa = PBXVariantGroup;
			children = (
				C21B045E2B1CE3F7008BB38B /* Base */,
			);
			name = LaunchScreen.storyboard;
			sourceTree = "<group>";
		};
/* End PBXVariantGroup section */

/* Begin XCBuildConfiguration section */
		C21B04612B1CE3F7008BB38B /* Debug */ = {
			isa = XCBuildConfiguration;
			buildSettings = {
				ALWAYS_SEARCH_USER_PATHS = NO;
				ASSETCATALOG_COMPILER_GENERATE_SWIFT_ASSET_SYMBOL_EXTENSIONS = YES;
				CLANG_ANALYZER_NONNULL = YES;
				CLANG_ANALYZER_NUMBER_OBJECT_CONVERSION = YES_AGGRESSIVE;
				CLANG_CXX_LANGUAGE_STANDARD = "gnu++20";
				CLANG_ENABLE_MODULES = YES;
				CLANG_ENABLE_OBJC_ARC = YES;
				CLANG_ENABLE_OBJC_WEAK = YES;
				CLANG_WARN_BLOCK_CAPTURE_AUTORELEASING = YES;
				CLANG_WARN_BOOL_CONVERSION = YES;
				CLANG_WARN_COMMA = YES;
				CLANG_WARN_CONSTANT_CONVERSION = YES;
				CLANG_WARN_DEPRECATED_OBJC_IMPLEMENTATIONS = YES;
				CLANG_WARN_DIRECT_OBJC_ISA_USAGE = YES_ERROR;
				CLANG_WARN_DOCUMENTATION_COMMENTS = YES;
				CLANG_WARN_EMPTY_BODY = YES;
				CLANG_WARN_ENUM_CONVERSION = YES;
				CLANG_WARN_INFINITE_RECURSION = YES;
				CLANG_WARN_INT_CONVERSION = YES;
				CLANG_WARN_NON_LITERAL_NULL_CONVERSION = YES;
				CLANG_WARN_OBJC_IMPLICIT_RETAIN_SELF = YES;
				CLANG_WARN_OBJC_LITERAL_CONVERSION = YES;
				CLANG_WARN_OBJC_ROOT_CLASS = YES_ERROR;
				CLANG_WARN_QUOTED_INCLUDE_IN_FRAMEWORK_HEADER = YES;
				CLANG_WARN_RANGE_LOOP_ANALYSIS = YES;
				CLANG_WARN_STRICT_PROTOTYPES = YES;
				CLANG_WARN_SUSPICIOUS_MOVE = YES;
				CLANG_WARN_UNGUARDED_AVAILABILITY = YES_AGGRESSIVE;
				CLANG_WARN_UNREACHABLE_CODE = YES;
				CLANG_WARN__DUPLICATE_METHOD_MATCH = YES;
				COPY_PHASE_STRIP = NO;
				DEBUG_INFORMATION_FORMAT = dwarf;
				ENABLE_STRICT_OBJC_MSGSEND = YES;
				ENABLE_TESTABILITY = YES;
				ENABLE_USER_SCRIPT_SANDBOXING = YES;
				GCC_C_LANGUAGE_STANDARD = gnu17;
				GCC_DYNAMIC_NO_PIC = NO;
				GCC_NO_COMMON_BLOCKS = YES;
				GCC_OPTIMIZATION_LEVEL = 0;
				GCC_PREPROCESSOR_DEFINITIONS = (
					"DEBUG=1",
					"$(inherited)",
				);
				GCC_WARN_64_TO_32_BIT_CONVERSION = YES;
				GCC_WARN_ABOUT_RETURN_TYPE = YES_ERROR;
				GCC_WARN_UNDECLARED_SELECTOR = YES;
				GCC_WARN_UNINITIALIZED_AUTOS = YES_AGGRESSIVE;
				GCC_WARN_UNUSED_FUNCTION = YES;
				GCC_WARN_UNUSED_VARIABLE = YES;
				IPHONEOS_DEPLOYMENT_TARGET = 17.0;
				LOCALIZATION_PREFERS_STRING_CATALOGS = YES;
				MTL_ENABLE_DEBUG_INFO = INCLUDE_SOURCE;
				MTL_FAST_MATH = YES;
				ONLY_ACTIVE_ARCH = YES;
				SDKROOT = iphoneos;
				SWIFT_ACTIVE_COMPILATION_CONDITIONS = "DEBUG $(inherited)";
				SWIFT_OPTIMIZATION_LEVEL = "-Onone";
			};
			name = Debug;
		};
		C21B04622B1CE3F7008BB38B /* Release */ = {
			isa = XCBuildConfiguration;
			buildSettings = {
				ALWAYS_SEARCH_USER_PATHS = NO;
				ASSETCATALOG_COMPILER_GENERATE_SWIFT_ASSET_SYMBOL_EXTENSIONS = YES;
				CLANG_ANALYZER_NONNULL = YES;
				CLANG_ANALYZER_NUMBER_OBJECT_CONVERSION = YES_AGGRESSIVE;
				CLANG_CXX_LANGUAGE_STANDARD = "gnu++20";
				CLANG_ENABLE_MODULES = YES;
				CLANG_ENABLE_OBJC_ARC = YES;
				CLANG_ENABLE_OBJC_WEAK = YES;
				CLANG_WARN_BLOCK_CAPTURE_AUTORELEASING = YES;
				CLANG_WARN_BOOL_CONVERSION = YES;
				CLANG_WARN_COMMA = YES;
				CLANG_WARN_CONSTANT_CONVERSION = YES;
				CLANG_WARN_DEPRECATED_OBJC_IMPLEMENTATIONS = YES;
				CLANG_WARN_DIRECT_OBJC_ISA_USAGE = YES_ERROR;
				CLANG_WARN_DOCUMENTATION_COMMENTS = YES;
				CLANG_WARN_EMPTY_BODY = YES;
				CLANG_WARN_ENUM_CONVERSION = YES;
				CLANG_WARN_INFINITE_RECURSION = YES;
				CLANG_WARN_INT_CONVERSION = YES;
				CLANG_WARN_NON_LITERAL_NULL_CONVERSION = YES;
				CLANG_WARN_OBJC_IMPLICIT_RETAIN_SELF = YES;
				CLANG_WARN_OBJC_LITERAL_CONVERSION = YES;
				CLANG_WARN_OBJC_ROOT_CLASS = YES_ERROR;
				CLANG_WARN_QUOTED_INCLUDE_IN_FRAMEWORK_HEADER = YES;
				CLANG_WARN_RANGE_LOOP_ANALYSIS = YES;
				CLANG_WARN_STRICT_PROTOTYPES = YES;
				CLANG_WARN_SUSPICIOUS_MOVE = YES;
				CLANG_WARN_UNGUARDED_AVAILABILITY = YES_AGGRESSIVE;
				CLANG_WARN_UNREACHABLE_CODE = YES;
				CLANG_WARN__DUPLICATE_METHOD_MATCH = YES;
				COPY_PHASE_STRIP = NO;
				DEBUG_INFORMATION_FORMAT = "dwarf-with-dsym";
				ENABLE_NS_ASSERTIONS = NO;
				ENABLE_STRICT_OBJC_MSGSEND = YES;
				ENABLE_USER_SCRIPT_SANDBOXING = YES;
				GCC_C_LANGUAGE_STANDARD = gnu17;
				GCC_NO_COMMON_BLOCKS = YES;
				GCC_WARN_64_TO_32_BIT_CONVERSION = YES;
				GCC_WARN_ABOUT_RETURN_TYPE = YES_ERROR;
				GCC_WARN_UNDECLARED_SELECTOR = YES;
				GCC_WARN_UNINITIALIZED_AUTOS = YES_AGGRESSIVE;
				GCC_WARN_UNUSED_FUNCTION = YES;
				GCC_WARN_UNUSED_VARIABLE = YES;
				IPHONEOS_DEPLOYMENT_TARGET = 17.0;
				LOCALIZATION_PREFERS_STRING_CATALOGS = YES;
				MTL_ENABLE_DEBUG_INFO = NO;
				MTL_FAST_MATH = YES;
				SDKROOT = iphoneos;
				SWIFT_COMPILATION_MODE = wholemodule;
				VALIDATE_PRODUCT = YES;
			};
			name = Release;
		};
		C21B04642B1CE3F7008BB38B /* Debug */ = {
			isa = XCBuildConfiguration;
			buildSettings = {
				ASSETCATALOG_COMPILER_APPICON_NAME = AppIcon;
				ASSETCATALOG_COMPILER_GLOBAL_ACCENT_COLOR_NAME = AccentColor;
				CODE_SIGN_STYLE = Automatic;
				CURRENT_PROJECT_VERSION = 1;
				GENERATE_INFOPLIST_FILE = YES;
				INFOPLIST_FILE = COOrdinatorPattern/Info.plist;
				INFOPLIST_KEY_UIApplicationSupportsIndirectInputEvents = YES;
				INFOPLIST_KEY_UILaunchStoryboardName = LaunchScreen.storyboard;
				INFOPLIST_KEY_UISupportedInterfaceOrientations_iPad = "UIInterfaceOrientationPortrait UIInterfaceOrientationPortraitUpsideDown UIInterfaceOrientationLandscapeLeft UIInterfaceOrientationLandscapeRight";
				INFOPLIST_KEY_UISupportedInterfaceOrientations_iPhone = "UIInterfaceOrientationPortrait UIInterfaceOrientationLandscapeLeft UIInterfaceOrientationLandscapeRight";
				LD_RUNPATH_SEARCH_PATHS = (
					"$(inherited)",
					"@executable_path/Frameworks",
				);
				MARKETING_VERSION = 1.0;
				PRODUCT_BUNDLE_IDENTIFIER = testing.COOrdinatorPattern;
				PRODUCT_NAME = "$(TARGET_NAME)";
				SWIFT_EMIT_LOC_STRINGS = YES;
				SWIFT_VERSION = 5.0;
				TARGETED_DEVICE_FAMILY = "1,2";
			};
			name = Debug;
		};
		C21B04652B1CE3F7008BB38B /* Release */ = {
			isa = XCBuildConfiguration;
			buildSettings = {
				ASSETCATALOG_COMPILER_APPICON_NAME = AppIcon;
				ASSETCATALOG_COMPILER_GLOBAL_ACCENT_COLOR_NAME = AccentColor;
				CODE_SIGN_STYLE = Automatic;
				CURRENT_PROJECT_VERSION = 1;
				GENERATE_INFOPLIST_FILE = YES;
				INFOPLIST_FILE = COOrdinatorPattern/Info.plist;
				INFOPLIST_KEY_UIApplicationSupportsIndirectInputEvents = YES;
				INFOPLIST_KEY_UILaunchStoryboardName = LaunchScreen.storyboard;
				INFOPLIST_KEY_UISupportedInterfaceOrientations_iPad = "UIInterfaceOrientationPortrait UIInterfaceOrientationPortraitUpsideDown UIInterfaceOrientationLandscapeLeft UIInterfaceOrientationLandscapeRight";
				INFOPLIST_KEY_UISupportedInterfaceOrientations_iPhone = "UIInterfaceOrientationPortrait UIInterfaceOrientationLandscapeLeft UIInterfaceOrientationLandscapeRight";
				LD_RUNPATH_SEARCH_PATHS = (
					"$(inherited)",
					"@executable_path/Frameworks",
				);
				MARKETING_VERSION = 1.0;
				PRODUCT_BUNDLE_IDENTIFIER = testing.COOrdinatorPattern;
				PRODUCT_NAME = "$(TARGET_NAME)";
				SWIFT_EMIT_LOC_STRINGS = YES;
				SWIFT_VERSION = 5.0;
				TARGETED_DEVICE_FAMILY = "1,2";
			};
			name = Release;
		};
/* End XCBuildConfiguration section */

/* Begin XCConfigurationList section */
		C21B044A2B1CE3F4008BB38B /* Build configuration list for PBXProject "COOrdinatorPattern" */ = {
			isa = XCConfigurationList;
			buildConfigurations = (
				C21B04612B1CE3F7008BB38B /* Debug */,
				C21B04622B1CE3F7008BB38B /* Release */,
			);
			defaultConfigurationIsVisible = 0;
			defaultConfigurationName = Release;
		};
		C21B04632B1CE3F7008BB38B /* Build configuration list for PBXNativeTarget "COOrdinatorPattern" */ = {
			isa = XCConfigurationList;
			buildConfigurations = (
				C21B04642B1CE3F7008BB38B /* Debug */,
				C21B04652B1CE3F7008BB38B /* Release */,
			);
			defaultConfigurationIsVisible = 0;
			defaultConfigurationName = Release;
		};
/* End XCConfigurationList section */
	};
	rootObject = C21B04472B1CE3F4008BB38B /* Project object */;
}
