// !$*UTF8*$!
{
	archiveVersion = 1;
	classes = {
	};
	objectVersion = 55;
	objects = {

/* Begin PBXBuildFile section */
		9F37B061D66E7FCA3576D53F /* Pods_MQTTPROTOCOL.framework in Frameworks */ = {isa = PBXBuildFile; fileRef = D6898FE2C86D631BB9A7214D /* Pods_MQTTPROTOCOL.framework */; };
		C2B7812929F95647008158C7 /* AppDelegate.swift in Sources */ = {isa = PBXBuildFile; fileRef = C2B7812829F95647008158C7 /* AppDelegate.swift */; };
		C2B7812B29F95647008158C7 /* SceneDelegate.swift in Sources */ = {isa = PBXBuildFile; fileRef = C2B7812A29F95647008158C7 /* SceneDelegate.swift */; };
		C2B7812D29F95647008158C7 /* ViewController.swift in Sources */ = {isa = PBXBuildFile; fileRef = C2B7812C29F95647008158C7 /* ViewController.swift */; };
		C2B7813029F95647008158C7 /* Main.storyboard in Resources */ = {isa = PBXBuildFile; fileRef = C2B7812E29F95647008158C7 /* Main.storyboard */; };
		C2B7813229F95648008158C7 /* Assets.xcassets in Resources */ = {isa = PBXBuildFile; fileRef = C2B7813129F95648008158C7 /* Assets.xcassets */; };
		C2B7813529F95648008158C7 /* LaunchScreen.storyboard in Resources */ = {isa = PBXBuildFile; fileRef = C2B7813329F95648008158C7 /* LaunchScreen.storyboard */; };
/* End PBXBuildFile section */

/* Begin PBXFileReference section */
		08DCED7E3BA3F5EEB8902F79 /* Pods-MQTTPROTOCOL.release.xcconfig */ = {isa = PBXFileReference; includeInIndex = 1; lastKnownFileType = text.xcconfig; name = "Pods-MQTTPROTOCOL.release.xcconfig"; path = "Target Support Files/Pods-MQTTPROTOCOL/Pods-MQTTPROTOCOL.release.xcconfig"; sourceTree = "<group>"; };
		0C099DFB227088733817EDF0 /* Pods-MQTTPROTOCOL.debug.xcconfig */ = {isa = PBXFileReference; includeInIndex = 1; lastKnownFileType = text.xcconfig; name = "Pods-MQTTPROTOCOL.debug.xcconfig"; path = "Target Support Files/Pods-MQTTPROTOCOL/Pods-MQTTPROTOCOL.debug.xcconfig"; sourceTree = "<group>"; };
		C2B7812529F95647008158C7 /* MQTTPROTOCOL.app */ = {isa = PBXFileReference; explicitFileType = wrapper.application; includeInIndex = 0; path = MQTTPROTOCOL.app; sourceTree = BUILT_PRODUCTS_DIR; };
		C2B7812829F95647008158C7 /* AppDelegate.swift */ = {isa = PBXFileReference; lastKnownFileType = sourcecode.swift; path = AppDelegate.swift; sourceTree = "<group>"; };
		C2B7812A29F95647008158C7 /* SceneDelegate.swift */ = {isa = PBXFileReference; lastKnownFileType = sourcecode.swift; path = SceneDelegate.swift; sourceTree = "<group>"; };
		C2B7812C29F95647008158C7 /* ViewController.swift */ = {isa = PBXFileReference; lastKnownFileType = sourcecode.swift; path = ViewController.swift; sourceTree = "<group>"; };
		C2B7812F29F95647008158C7 /* Base */ = {isa = PBXFileReference; lastKnownFileType = file.storyboard; name = Base; path = Base.lproj/Main.storyboard; sourceTree = "<group>"; };
		C2B7813129F95648008158C7 /* Assets.xcassets */ = {isa = PBXFileReference; lastKnownFileType = folder.assetcatalog; path = Assets.xcassets; sourceTree = "<group>"; };
		C2B7813429F95648008158C7 /* Base */ = {isa = PBXFileReference; lastKnownFileType = file.storyboard; name = Base; path = Base.lproj/LaunchScreen.storyboard; sourceTree = "<group>"; };
		C2B7813629F95648008158C7 /* Info.plist */ = {isa = PBXFileReference; lastKnownFileType = text.plist.xml; path = Info.plist; sourceTree = "<group>"; };
		D6898FE2C86D631BB9A7214D /* Pods_MQTTPROTOCOL.framework */ = {isa = PBXFileReference; explicitFileType = wrapper.framework; includeInIndex = 0; path = Pods_MQTTPROTOCOL.framework; sourceTree = BUILT_PRODUCTS_DIR; };
/* End PBXFileReference section */

/* Begin PBXFrameworksBuildPhase section */
		C2B7812229F95647008158C7 /* Frameworks */ = {
			isa = PBXFrameworksBuildPhase;
			buildActionMask = 2147483647;
			files = (
				9F37B061D66E7FCA3576D53F /* Pods_MQTTPROTOCOL.framework in Frameworks */,
			);
			runOnlyForDeploymentPostprocessing = 0;
		};
/* End PBXFrameworksBuildPhase section */

/* Begin PBXGroup section */
		02F71C7ECAD0E80310E59C28 /* Pods */ = {
			isa = PBXGroup;
			children = (
				0C099DFB227088733817EDF0 /* Pods-MQTTPROTOCOL.debug.xcconfig */,
				08DCED7E3BA3F5EEB8902F79 /* Pods-MQTTPROTOCOL.release.xcconfig */,
			);
			path = Pods;
			sourceTree = "<group>";
		};
		5084BA63F8FCBA6DF566332A /* Frameworks */ = {
			isa = PBXGroup;
			children = (
				D6898FE2C86D631BB9A7214D /* Pods_MQTTPROTOCOL.framework */,
			);
			name = Frameworks;
			sourceTree = "<group>";
		};
		C2B7811C29F95647008158C7 = {
			isa = PBXGroup;
			children = (
				C2B7812729F95647008158C7 /* MQTTPROTOCOL */,
				C2B7812629F95647008158C7 /* Products */,
				02F71C7ECAD0E80310E59C28 /* Pods */,
				5084BA63F8FCBA6DF566332A /* Frameworks */,
			);
			sourceTree = "<group>";
		};
		C2B7812629F95647008158C7 /* Products */ = {
			isa = PBXGroup;
			children = (
				C2B7812529F95647008158C7 /* MQTTPROTOCOL.app */,
			);
			name = Products;
			sourceTree = "<group>";
		};
		C2B7812729F95647008158C7 /* MQTTPROTOCOL */ = {
			isa = PBXGroup;
			children = (
				C2B7812829F95647008158C7 /* AppDelegate.swift */,
				C2B7812A29F95647008158C7 /* SceneDelegate.swift */,
				C2B7812C29F95647008158C7 /* ViewController.swift */,
				C2B7812E29F95647008158C7 /* Main.storyboard */,
				C2B7813129F95648008158C7 /* Assets.xcassets */,
				C2B7813329F95648008158C7 /* LaunchScreen.storyboard */,
				C2B7813629F95648008158C7 /* Info.plist */,
			);
			path = MQTTPROTOCOL;
			sourceTree = "<group>";
		};
/* End PBXGroup section */

/* Begin PBXNativeTarget section */
		C2B7812429F95647008158C7 /* MQTTPROTOCOL */ = {
			isa = PBXNativeTarget;
			buildConfigurationList = C2B7813929F95648008158C7 /* Build configuration list for PBXNativeTarget "MQTTPROTOCOL" */;
			buildPhases = (
				6B69BBE229C49A511EAD5D01 /* [CP] Check Pods Manifest.lock */,
				C2B7812129F95647008158C7 /* Sources */,
				C2B7812229F95647008158C7 /* Frameworks */,
				C2B7812329F95647008158C7 /* Resources */,
				66665BF135B1986BE86B46E9 /* [CP] Embed Pods Frameworks */,
			);
			buildRules = (
			);
			dependencies = (
			);
			name = MQTTPROTOCOL;
			productName = MQTTPROTOCOL;
			productReference = C2B7812529F95647008158C7 /* MQTTPROTOCOL.app */;
			productType = "com.apple.product-type.application";
		};
/* End PBXNativeTarget section */

/* Begin PBXProject section */
		C2B7811D29F95647008158C7 /* Project object */ = {
			isa = PBXProject;
			attributes = {
				BuildIndependentTargetsInParallel = 1;
				LastSwiftUpdateCheck = 1320;
				LastUpgradeCheck = 1320;
				TargetAttributes = {
					C2B7812429F95647008158C7 = {
						CreatedOnToolsVersion = 13.2.1;
					};
				};
			};
			buildConfigurationList = C2B7812029F95647008158C7 /* Build configuration list for PBXProject "MQTTPROTOCOL" */;
			compatibilityVersion = "Xcode 13.0";
			developmentRegion = en;
			hasScannedForEncodings = 0;
			knownRegions = (
				en,
				Base,
			);
			mainGroup = C2B7811C29F95647008158C7;
			productRefGroup = C2B7812629F95647008158C7 /* Products */;
			projectDirPath = "";
			projectRoot = "";
			targets = (
				C2B7812429F95647008158C7 /* MQTTPROTOCOL */,
			);
		};
/* End PBXProject section */

/* Begin PBXResourcesBuildPhase section */
		C2B7812329F95647008158C7 /* Resources */ = {
			isa = PBXResourcesBuildPhase;
			buildActionMask = 2147483647;
			files = (
				C2B7813529F95648008158C7 /* LaunchScreen.storyboard in Resources */,
				C2B7813229F95648008158C7 /* Assets.xcassets in Resources */,
				C2B7813029F95647008158C7 /* Main.storyboard in Resources */,
			);
			runOnlyForDeploymentPostprocessing = 0;
		};
/* End PBXResourcesBuildPhase section */

/* Begin PBXShellScriptBuildPhase section */
		66665BF135B1986BE86B46E9 /* [CP] Embed Pods Frameworks */ = {
			isa = PBXShellScriptBuildPhase;
			buildActionMask = 2147483647;
			files = (
			);
			inputFileListPaths = (
				"${PODS_ROOT}/Target Support Files/Pods-MQTTPROTOCOL/Pods-MQTTPROTOCOL-frameworks-${CONFIGURATION}-input-files.xcfilelist",
			);
			name = "[CP] Embed Pods Frameworks";
			outputFileListPaths = (
				"${PODS_ROOT}/Target Support Files/Pods-MQTTPROTOCOL/Pods-MQTTPROTOCOL-frameworks-${CONFIGURATION}-output-files.xcfilelist",
			);
			runOnlyForDeploymentPostprocessing = 0;
			shellPath = /bin/sh;
			shellScript = "\"${PODS_ROOT}/Target Support Files/Pods-MQTTPROTOCOL/Pods-MQTTPROTOCOL-frameworks.sh\"\n";
			showEnvVarsInLog = 0;
		};
		6B69BBE229C49A511EAD5D01 /* [CP] Check Pods Manifest.lock */ = {
			isa = PBXShellScriptBuildPhase;
			buildActionMask = 2147483647;
			files = (
			);
			inputFileListPaths = (
			);
			inputPaths = (
				"${PODS_PODFILE_DIR_PATH}/Podfile.lock",
				"${PODS_ROOT}/Manifest.lock",
			);
			name = "[CP] Check Pods Manifest.lock";
			outputFileListPaths = (
			);
			outputPaths = (
				"$(DERIVED_FILE_DIR)/Pods-MQTTPROTOCOL-checkManifestLockResult.txt",
			);
			runOnlyForDeploymentPostprocessing = 0;
			shellPath = /bin/sh;
			shellScript = "diff \"${PODS_PODFILE_DIR_PATH}/Podfile.lock\" \"${PODS_ROOT}/Manifest.lock\" > /dev/null\nif [ $? != 0 ] ; then\n    # print error to STDERR\n    echo \"error: The sandbox is not in sync with the Podfile.lock. Run 'pod install' or update your CocoaPods installation.\" >&2\n    exit 1\nfi\n# This output is used by Xcode 'outputs' to avoid re-running this script phase.\necho \"SUCCESS\" > \"${SCRIPT_OUTPUT_FILE_0}\"\n";
			showEnvVarsInLog = 0;
		};
/* End PBXShellScriptBuildPhase section */

/* Begin PBXSourcesBuildPhase section */
		C2B7812129F95647008158C7 /* Sources */ = {
			isa = PBXSourcesBuildPhase;
			buildActionMask = 2147483647;
			files = (
				C2B7812D29F95647008158C7 /* ViewController.swift in Sources */,
				C2B7812929F95647008158C7 /* AppDelegate.swift in Sources */,
				C2B7812B29F95647008158C7 /* SceneDelegate.swift in Sources */,
			);
			runOnlyForDeploymentPostprocessing = 0;
		};
/* End PBXSourcesBuildPhase section */

/* Begin PBXVariantGroup section */
		C2B7812E29F95647008158C7 /* Main.storyboard */ = {
			isa = PBXVariantGroup;
			children = (
				C2B7812F29F95647008158C7 /* Base */,
			);
			name = Main.storyboard;
			sourceTree = "<group>";
		};
		C2B7813329F95648008158C7 /* LaunchScreen.storyboard */ = {
			isa = PBXVariantGroup;
			children = (
				C2B7813429F95648008158C7 /* Base */,
			);
			name = LaunchScreen.storyboard;
			sourceTree = "<group>";
		};
/* End PBXVariantGroup section */

/* Begin XCBuildConfiguration section */
		C2B7813729F95648008158C7 /* Debug */ = {
			isa = XCBuildConfiguration;
			buildSettings = {
				ALWAYS_SEARCH_USER_PATHS = NO;
				CLANG_ANALYZER_NONNULL = YES;
				CLANG_ANALYZER_NUMBER_OBJECT_CONVERSION = YES_AGGRESSIVE;
				CLANG_CXX_LANGUAGE_STANDARD = "gnu++17";
				CLANG_CXX_LIBRARY = "libc++";
				CLANG_ENABLE_MODULES = YES;
				CLANG_ENABLE_OBJC_ARC = YES;
				CLANG_ENABLE_OBJC_WEAK = YES;
				CLANG_WARN_BLOCK_CAPTURE_AUTORELEASING = YES;
				CLANG_WARN_BOOL_CONVERSION = YES;
				CLANG_WARN_COMMA = YES;
				CLANG_WARN_CONSTANT_CONVERSION = YES;
				CLANG_WARN_DEPRECATED_OBJC_IMPLEMENTATIONS = YES;
				CLANG_WARN_DIRECT_OBJC_ISA_USAGE = YES_ERROR;
				CLANG_WARN_DOCUMENTATION_COMMENTS = YES;
				CLANG_WARN_EMPTY_BODY = YES;
				CLANG_WARN_ENUM_CONVERSION = YES;
				CLANG_WARN_INFINITE_RECURSION = YES;
				CLANG_WARN_INT_CONVERSION = YES;
				CLANG_WARN_NON_LITERAL_NULL_CONVERSION = YES;
				CLANG_WARN_OBJC_IMPLICIT_RETAIN_SELF = YES;
				CLANG_WARN_OBJC_LITERAL_CONVERSION = YES;
				CLANG_WARN_OBJC_ROOT_CLASS = YES_ERROR;
				CLANG_WARN_QUOTED_INCLUDE_IN_FRAMEWORK_HEADER = YES;
				CLANG_WARN_RANGE_LOOP_ANALYSIS = YES;
				CLANG_WARN_STRICT_PROTOTYPES = YES;
				CLANG_WARN_SUSPICIOUS_MOVE = YES;
				CLANG_WARN_UNGUARDED_AVAILABILITY = YES_AGGRESSIVE;
				CLANG_WARN_UNREACHABLE_CODE = YES;
				CLANG_WARN__DUPLICATE_METHOD_MATCH = YES;
				COPY_PHASE_STRIP = NO;
				DEBUG_INFORMATION_FORMAT = dwarf;
				ENABLE_STRICT_OBJC_MSGSEND = YES;
				ENABLE_TESTABILITY = YES;
				GCC_C_LANGUAGE_STANDARD = gnu11;
				GCC_DYNAMIC_NO_PIC = NO;
				GCC_NO_COMMON_BLOCKS = YES;
				GCC_OPTIMIZATION_LEVEL = 0;
				GCC_PREPROCESSOR_DEFINITIONS = (
					"DEBUG=1",
					"$(inherited)",
				);
				GCC_WARN_64_TO_32_BIT_CONVERSION = YES;
				GCC_WARN_ABOUT_RETURN_TYPE = YES_ERROR;
				GCC_WARN_UNDECLARED_SELECTOR = YES;
				GCC_WARN_UNINITIALIZED_AUTOS = YES_AGGRESSIVE;
				GCC_WARN_UNUSED_FUNCTION = YES;
				GCC_WARN_UNUSED_VARIABLE = YES;
				IPHONEOS_DEPLOYMENT_TARGET = 15.2;
				MTL_ENABLE_DEBUG_INFO = INCLUDE_SOURCE;
				MTL_FAST_MATH = YES;
				ONLY_ACTIVE_ARCH = YES;
				SDKROOT = iphoneos;
				SWIFT_ACTIVE_COMPILATION_CONDITIONS = DEBUG;
				SWIFT_OPTIMIZATION_LEVEL = "-Onone";
			};
			name = Debug;
		};
		C2B7813829F95648008158C7 /* Release */ = {
			isa = XCBuildConfiguration;
			buildSettings = {
				ALWAYS_SEARCH_USER_PATHS = NO;
				CLANG_ANALYZER_NONNULL = YES;
				CLANG_ANALYZER_NUMBER_OBJECT_CONVERSION = YES_AGGRESSIVE;
				CLANG_CXX_LANGUAGE_STANDARD = "gnu++17";
				CLANG_CXX_LIBRARY = "libc++";
				CLANG_ENABLE_MODULES = YES;
				CLANG_ENABLE_OBJC_ARC = YES;
				CLANG_ENABLE_OBJC_WEAK = YES;
				CLANG_WARN_BLOCK_CAPTURE_AUTORELEASING = YES;
				CLANG_WARN_BOOL_CONVERSION = YES;
				CLANG_WARN_COMMA = YES;
				CLANG_WARN_CONSTANT_CONVERSION = YES;
				CLANG_WARN_DEPRECATED_OBJC_IMPLEMENTATIONS = YES;
				CLANG_WARN_DIRECT_OBJC_ISA_USAGE = YES_ERROR;
				CLANG_WARN_DOCUMENTATION_COMMENTS = YES;
				CLANG_WARN_EMPTY_BODY = YES;
				CLANG_WARN_ENUM_CONVERSION = YES;
				CLANG_WARN_INFINITE_RECURSION = YES;
				CLANG_WARN_INT_CONVERSION = YES;
				CLANG_WARN_NON_LITERAL_NULL_CONVERSION = YES;
				CLANG_WARN_OBJC_IMPLICIT_RETAIN_SELF = YES;
				CLANG_WARN_OBJC_LITERAL_CONVERSION = YES;
				CLANG_WARN_OBJC_ROOT_CLASS = YES_ERROR;
				CLANG_WARN_QUOTED_INCLUDE_IN_FRAMEWORK_HEADER = YES;
				CLANG_WARN_RANGE_LOOP_ANALYSIS = YES;
				CLANG_WARN_STRICT_PROTOTYPES = YES;
				CLANG_WARN_SUSPICIOUS_MOVE = YES;
				CLANG_WARN_UNGUARDED_AVAILABILITY = YES_AGGRESSIVE;
				CLANG_WARN_UNREACHABLE_CODE = YES;
				CLANG_WARN__DUPLICATE_METHOD_MATCH = YES;
				COPY_PHASE_STRIP = NO;
				DEBUG_INFORMATION_FORMAT = "dwarf-with-dsym";
				ENABLE_NS_ASSERTIONS = NO;
				ENABLE_STRICT_OBJC_MSGSEND = YES;
				GCC_C_LANGUAGE_STANDARD = gnu11;
				GCC_NO_COMMON_BLOCKS = YES;
				GCC_WARN_64_TO_32_BIT_CONVERSION = YES;
				GCC_WARN_ABOUT_RETURN_TYPE = YES_ERROR;
				GCC_WARN_UNDECLARED_SELECTOR = YES;
				GCC_WARN_UNINITIALIZED_AUTOS = YES_AGGRESSIVE;
				GCC_WARN_UNUSED_FUNCTION = YES;
				GCC_WARN_UNUSED_VARIABLE = YES;
				IPHONEOS_DEPLOYMENT_TARGET = 15.2;
				MTL_ENABLE_DEBUG_INFO = NO;
				MTL_FAST_MATH = YES;
				SDKROOT = iphoneos;
				SWIFT_COMPILATION_MODE = wholemodule;
				SWIFT_OPTIMIZATION_LEVEL = "-O";
				VALIDATE_PRODUCT = YES;
			};
			name = Release;
		};
		C2B7813A29F95648008158C7 /* Debug */ = {
			isa = XCBuildConfiguration;
			baseConfigurationReference = 0C099DFB227088733817EDF0 /* Pods-MQTTPROTOCOL.debug.xcconfig */;
			buildSettings = {
				ASSETCATALOG_COMPILER_APPICON_NAME = AppIcon;
				ASSETCATALOG_COMPILER_GLOBAL_ACCENT_COLOR_NAME = AccentColor;
				CODE_SIGN_STYLE = Automatic;
				CURRENT_PROJECT_VERSION = 1;
				DEVELOPMENT_TEAM = GC55SN6T42;
				GENERATE_INFOPLIST_FILE = YES;
				INFOPLIST_FILE = MQTTPROTOCOL/Info.plist;
				INFOPLIST_KEY_UIApplicationSupportsIndirectInputEvents = YES;
				INFOPLIST_KEY_UILaunchStoryboardName = LaunchScreen;
				INFOPLIST_KEY_UIMainStoryboardFile = Main;
				INFOPLIST_KEY_UISupportedInterfaceOrientations_iPad = "UIInterfaceOrientationPortrait UIInterfaceOrientationPortraitUpsideDown UIInterfaceOrientationLandscapeLeft UIInterfaceOrientationLandscapeRight";
				INFOPLIST_KEY_UISupportedInterfaceOrientations_iPhone = "UIInterfaceOrientationPortrait UIInterfaceOrientationLandscapeLeft UIInterfaceOrientationLandscapeRight";
				LD_RUNPATH_SEARCH_PATHS = (
					"$(inherited)",
					"@executable_path/Frameworks",
				);
				MARKETING_VERSION = 1.0;
				PRODUCT_BUNDLE_IDENTIFIER = testing.MQTTPROTOCOL;
				PRODUCT_NAME = "$(TARGET_NAME)";
				SWIFT_EMIT_LOC_STRINGS = YES;
				SWIFT_VERSION = 5.0;
				TARGETED_DEVICE_FAMILY = "1,2";
			};
			name = Debug;
		};
		C2B7813B29F95648008158C7 /* Release */ = {
			isa = XCBuildConfiguration;
			baseConfigurationReference = 08DCED7E3BA3F5EEB8902F79 /* Pods-MQTTPROTOCOL.release.xcconfig */;
			buildSettings = {
				ASSETCATALOG_COMPILER_APPICON_NAME = AppIcon;
				ASSETCATALOG_COMPILER_GLOBAL_ACCENT_COLOR_NAME = AccentColor;
				CODE_SIGN_STYLE = Automatic;
				CURRENT_PROJECT_VERSION = 1;
				DEVELOPMENT_TEAM = GC55SN6T42;
				GENERATE_INFOPLIST_FILE = YES;
				INFOPLIST_FILE = MQTTPROTOCOL/Info.plist;
				INFOPLIST_KEY_UIApplicationSupportsIndirectInputEvents = YES;
				INFOPLIST_KEY_UILaunchStoryboardName = LaunchScreen;
				INFOPLIST_KEY_UIMainStoryboardFile = Main;
				INFOPLIST_KEY_UISupportedInterfaceOrientations_iPad = "UIInterfaceOrientationPortrait UIInterfaceOrientationPortraitUpsideDown UIInterfaceOrientationLandscapeLeft UIInterfaceOrientationLandscapeRight";
				INFOPLIST_KEY_UISupportedInterfaceOrientations_iPhone = "UIInterfaceOrientationPortrait UIInterfaceOrientationLandscapeLeft UIInterfaceOrientationLandscapeRight";
				LD_RUNPATH_SEARCH_PATHS = (
					"$(inherited)",
					"@executable_path/Frameworks",
				);
				MARKETING_VERSION = 1.0;
				PRODUCT_BUNDLE_IDENTIFIER = testing.MQTTPROTOCOL;
				PRODUCT_NAME = "$(TARGET_NAME)";
				SWIFT_EMIT_LOC_STRINGS = YES;
				SWIFT_VERSION = 5.0;
				TARGETED_DEVICE_FAMILY = "1,2";
			};
			name = Release;
		};
/* End XCBuildConfiguration section */

/* Begin XCConfigurationList section */
		C2B7812029F95647008158C7 /* Build configuration list for PBXProject "MQTTPROTOCOL" */ = {
			isa = XCConfigurationList;
			buildConfigurations = (
				C2B7813729F95648008158C7 /* Debug */,
				C2B7813829F95648008158C7 /* Release */,
			);
			defaultConfigurationIsVisible = 0;
			defaultConfigurationName = Release;
		};
		C2B7813929F95648008158C7 /* Build configuration list for PBXNativeTarget "MQTTPROTOCOL" */ = {
			isa = XCConfigurationList;
			buildConfigurations = (
				C2B7813A29F95648008158C7 /* Debug */,
				C2B7813B29F95648008158C7 /* Release */,
			);
			defaultConfigurationIsVisible = 0;
			defaultConfigurationName = Release;
		};
/* End XCConfigurationList section */
	};
	rootObject = C2B7811D29F95647008158C7 /* Project object */;
}
